// !$*UTF8*$!
{
	archiveVersion = 1;
	classes = {
	};
	objectVersion = 50;
	objects = {

/* Begin PBXBuildFile section */
		34799D10243F0FB400B432BB /* CSLUTFilterPlugInLoader.m in Sources */ = {isa = PBXBuildFile; fileRef = 34799D0F243F0FB400B432BB /* CSLUTFilterPlugInLoader.m */; };
		34799D13243F103B00B432BB /* CSLUTFilter.m in Sources */ = {isa = PBXBuildFile; fileRef = 34799D12243F103B00B432BB /* CSLUTFilter.m */; };
		34799D16243F17D200B432BB /* Description.plist in Resources */ = {isa = PBXBuildFile; fileRef = 34799D15243F17D200B432BB /* Description.plist */; };
/* End PBXBuildFile section */

/* Begin PBXFileReference section */
		34799CE2243F0F1300B432BB /* CSLUTFilter.plugin */ = {isa = PBXFileReference; explicitFileType = wrapper.cfbundle; includeInIndex = 0; path = CSLUTFilter.plugin; sourceTree = BUILT_PRODUCTS_DIR; };
		34799CE5243F0F1300B432BB /* Info.plist */ = {isa = PBXFileReference; lastKnownFileType = text.plist.xml; path = Info.plist; sourceTree = "<group>"; };
		34799D0E243F0FB400B432BB /* CSLUTFilterPlugInLoader.h */ = {isa = PBXFileReference; lastKnownFileType = sourcecode.c.h; path = CSLUTFilterPlugInLoader.h; sourceTree = "<group>"; };
		34799D0F243F0FB400B432BB /* CSLUTFilterPlugInLoader.m */ = {isa = PBXFileReference; lastKnownFileType = sourcecode.c.objc; path = CSLUTFilterPlugInLoader.m; sourceTree = "<group>"; };
		34799D11243F103B00B432BB /* CSLUTFilter.h */ = {isa = PBXFileReference; lastKnownFileType = sourcecode.c.h; path = CSLUTFilter.h; sourceTree = "<group>"; };
		34799D12243F103B00B432BB /* CSLUTFilter.m */ = {isa = PBXFileReference; lastKnownFileType = sourcecode.c.objc; path = CSLUTFilter.m; sourceTree = "<group>"; };
		34799D15243F17D200B432BB /* Description.plist */ = {isa = PBXFileReference; lastKnownFileType = text.plist.xml; path = Description.plist; sourceTree = "<group>"; };
/* End PBXFileReference section */

/* Begin PBXFrameworksBuildPhase section */
		34799CDF243F0F1300B432BB /* Frameworks */ = {
			isa = PBXFrameworksBuildPhase;
			buildActionMask = 2147483647;
			files = (
			);
			runOnlyForDeploymentPostprocessing = 0;
		};
/* End PBXFrameworksBuildPhase section */

/* Begin PBXGroup section */
		34799CD9243F0F1300B432BB = {
			isa = PBXGroup;
			children = (
				34799CE4243F0F1300B432BB /* CSLUTFilter */,
				34799CE3243F0F1300B432BB /* Products */,
			);
			sourceTree = "<group>";
		};
		34799CE3243F0F1300B432BB /* Products */ = {
			isa = PBXGroup;
			children = (
				34799CE2243F0F1300B432BB /* CSLUTFilter.plugin */,
			);
			name = Products;
			sourceTree = "<group>";
		};
		34799CE4243F0F1300B432BB /* CSLUTFilter */ = {
			isa = PBXGroup;
			children = (
				34799CE5243F0F1300B432BB /* Info.plist */,
				34799D0E243F0FB400B432BB /* CSLUTFilterPlugInLoader.h */,
				34799D0F243F0FB400B432BB /* CSLUTFilterPlugInLoader.m */,
				34799D11243F103B00B432BB /* CSLUTFilter.h */,
				34799D12243F103B00B432BB /* CSLUTFilter.m */,
				34799D15243F17D200B432BB /* Description.plist */,
			);
			path = CSLUTFilter;
			sourceTree = "<group>";
		};
/* End PBXGroup section */

/* Begin PBXNativeTarget section */
		34799CE1243F0F1300B432BB /* CSLUTFilter */ = {
			isa = PBXNativeTarget;
			buildConfigurationList = 34799CE8243F0F1300B432BB /* Build configuration list for PBXNativeTarget "CSLUTFilter" */;
			buildPhases = (
				34799CDE243F0F1300B432BB /* Sources */,
				34799CDF243F0F1300B432BB /* Frameworks */,
				34799CE0243F0F1300B432BB /* Resources */,
			);
			buildRules = (
			);
			dependencies = (
			);
			name = CSLUTFilter;
			productName = CSLUTFilter;
			productReference = 34799CE2243F0F1300B432BB /* CSLUTFilter.plugin */;
			productType = "com.apple.product-type.bundle";
		};
/* End PBXNativeTarget section */

/* Begin PBXProject section */
		34799CDA243F0F1300B432BB /* Project object */ = {
			isa = PBXProject;
			attributes = {
				LastUpgradeCheck = 1120;
				ORGANIZATIONNAME = Zakk;
				TargetAttributes = {
					34799CE1243F0F1300B432BB = {
						CreatedOnToolsVersion = 11.2.1;
					};
				};
			};
			buildConfigurationList = 34799CDD243F0F1300B432BB /* Build configuration list for PBXProject "CSLUTFilter" */;
			compatibilityVersion = "Xcode 9.3";
			developmentRegion = en;
			hasScannedForEncodings = 0;
			knownRegions = (
				en,
				Base,
			);
			mainGroup = 34799CD9243F0F1300B432BB;
			productRefGroup = 34799CE3243F0F1300B432BB /* Products */;
			projectDirPath = "";
			projectRoot = "";
			targets = (
				34799CE1243F0F1300B432BB /* CSLUTFilter */,
			);
		};
/* End PBXProject section */

/* Begin PBXResourcesBuildPhase section */
		34799CE0243F0F1300B432BB /* Resources */ = {
			isa = PBXResourcesBuildPhase;
			buildActionMask = 2147483647;
			files = (
				34799D16243F17D200B432BB /* Description.plist in Resources */,
			);
			runOnlyForDeploymentPostprocessing = 0;
		};
/* End PBXResourcesBuildPhase section */

/* Begin PBXSourcesBuildPhase section */
		34799CDE243F0F1300B432BB /* Sources */ = {
			isa = PBXSourcesBuildPhase;
			buildActionMask = 2147483647;
			files = (
				34799D10243F0FB400B432BB /* CSLUTFilterPlugInLoader.m in Sources */,
				34799D13243F103B00B432BB /* CSLUTFilter.m in Sources */,
			);
			runOnlyForDeploymentPostprocessing = 0;
		};
/* End PBXSourcesBuildPhase section */

/* Begin XCBuildConfiguration section */
		34799CE6243F0F1300B432BB /* Debug */ = {
			isa = XCBuildConfiguration;
			buildSettings = {
				ALWAYS_SEARCH_USER_PATHS = NO;
				CLANG_ANALYZER_NONNULL = YES;
				CLANG_ANALYZER_NUMBER_OBJECT_CONVERSION = YES_AGGRESSIVE;
				CLANG_CXX_LANGUAGE_STANDARD = "gnu++14";
				CLANG_CXX_LIBRARY = "libc++";
				CLANG_ENABLE_MODULES = YES;
				CLANG_ENABLE_OBJC_ARC = YES;
				CLANG_ENABLE_OBJC_WEAK = YES;
				CLANG_WARN_BLOCK_CAPTURE_AUTORELEASING = YES;
				CLANG_WARN_BOOL_CONVERSION = YES;
				CLANG_WARN_COMMA = YES;
				CLANG_WARN_CONSTANT_CONVERSION = YES;
				CLANG_WARN_DEPRECATED_OBJC_IMPLEMENTATIONS = YES;
				CLANG_WARN_DIRECT_OBJC_ISA_USAGE = YES_ERROR;
				CLANG_WARN_DOCUMENTATION_COMMENTS = YES;
				CLANG_WARN_EMPTY_BODY = YES;
				CLANG_WARN_ENUM_CONVERSION = YES;
				CLANG_WARN_INFINITE_RECURSION = YES;
				CLANG_WARN_INT_CONVERSION = YES;
				CLANG_WARN_NON_LITERAL_NULL_CONVERSION = YES;
				CLANG_WARN_OBJC_IMPLICIT_RETAIN_SELF = YES;
				CLANG_WARN_OBJC_LITERAL_CONVERSION = YES;
				CLANG_WARN_OBJC_ROOT_CLASS = YES_ERROR;
				CLANG_WARN_RANGE_LOOP_ANALYSIS = YES;
				CLANG_WARN_STRICT_PROTOTYPES = YES;
				CLANG_WARN_SUSPICIOUS_MOVE = YES;
				CLANG_WARN_UNGUARDED_AVAILABILITY = YES_AGGRESSIVE;
				CLANG_WARN_UNREACHABLE_CODE = YES;
				CLANG_WARN__DUPLICATE_METHOD_MATCH = YES;
				COPY_PHASE_STRIP = NO;
				DEBUG_INFORMATION_FORMAT = dwarf;
				ENABLE_STRICT_OBJC_MSGSEND = YES;
				ENABLE_TESTABILITY = YES;
				GCC_C_LANGUAGE_STANDARD = gnu11;
				GCC_DYNAMIC_NO_PIC = NO;
				GCC_NO_COMMON_BLOCKS = YES;
				GCC_OPTIMIZATION_LEVEL = 0;
				GCC_PREPROCESSOR_DEFINITIONS = (
					"DEBUG=1",
					"$(inherited)",
				);
				GCC_WARN_64_TO_32_BIT_CONVERSION = YES;
				GCC_WARN_ABOUT_RETURN_TYPE = YES_ERROR;
				GCC_WARN_UNDECLARED_SELECTOR = YES;
				GCC_WARN_UNINITIALIZED_AUTOS = YES_AGGRESSIVE;
				GCC_WARN_UNUSED_FUNCTION = YES;
				GCC_WARN_UNUSED_VARIABLE = YES;
				MACOSX_DEPLOYMENT_TARGET = 10.15;
				MTL_ENABLE_DEBUG_INFO = INCLUDE_SOURCE;
				MTL_FAST_MATH = YES;
				ONLY_ACTIVE_ARCH = YES;
				SDKROOT = macosx;
			};
			name = Debug;
		};
		34799CE7243F0F1300B432BB /* Release */ = {
			isa = XCBuildConfiguration;
			buildSettings = {
				ALWAYS_SEARCH_USER_PATHS = NO;
				CLANG_ANALYZER_NONNULL = YES;
				CLANG_ANALYZER_NUMBER_OBJECT_CONVERSION = YES_AGGRESSIVE;
				CLANG_CXX_LANGUAGE_STANDARD = "gnu++14";
				CLANG_CXX_LIBRARY = "libc++";
				CLANG_ENABLE_MODULES = YES;
				CLANG_ENABLE_OBJC_ARC = YES;
				CLANG_ENABLE_OBJC_WEAK = YES;
				CLANG_WARN_BLOCK_CAPTURE_AUTORELEASING = YES;
				CLANG_WARN_BOOL_CONVERSION = YES;
				CLANG_WARN_COMMA = YES;
				CLANG_WARN_CONSTANT_CONVERSION = YES;
				CLANG_WARN_DEPRECATED_OBJC_IMPLEMENTATIONS = YES;
				CLANG_WARN_DIRECT_OBJC_ISA_USAGE = YES_ERROR;
				CLANG_WARN_DOCUMENTATION_COMMENTS = YES;
				CLANG_WARN_EMPTY_BODY = YES;
				CLANG_WARN_ENUM_CONVERSION = YES;
				CLANG_WARN_INFINITE_RECURSION = YES;
				CLANG_WARN_INT_CONVERSION = YES;
				CLANG_WARN_NON_LITERAL_NULL_CONVERSION = YES;
				CLANG_WARN_OBJC_IMPLICIT_RETAIN_SELF = YES;
				CLANG_WARN_OBJC_LITERAL_CONVERSION = YES;
				CLANG_WARN_OBJC_ROOT_CLASS = YES_ERROR;
				CLANG_WARN_RANGE_LOOP_ANALYSIS = YES;
				CLANG_WARN_STRICT_PROTOTYPES = YES;
				CLANG_WARN_SUSPICIOUS_MOVE = YES;
				CLANG_WARN_UNGUARDED_AVAILABILITY = YES_AGGRESSIVE;
				CLANG_WARN_UNREACHABLE_CODE = YES;
				CLANG_WARN__DUPLICATE_METHOD_MATCH = YES;
				COPY_PHASE_STRIP = NO;
				DEBUG_INFORMATION_FORMAT = "dwarf-with-dsym";
				ENABLE_NS_ASSERTIONS = NO;
				ENABLE_STRICT_OBJC_MSGSEND = YES;
				GCC_C_LANGUAGE_STANDARD = gnu11;
				GCC_NO_COMMON_BLOCKS = YES;
				GCC_WARN_64_TO_32_BIT_CONVERSION = YES;
				GCC_WARN_ABOUT_RETURN_TYPE = YES_ERROR;
				GCC_WARN_UNDECLARED_SELECTOR = YES;
				GCC_WARN_UNINITIALIZED_AUTOS = YES_AGGRESSIVE;
				GCC_WARN_UNUSED_FUNCTION = YES;
				GCC_WARN_UNUSED_VARIABLE = YES;
				MACOSX_DEPLOYMENT_TARGET = 10.15;
				MTL_ENABLE_DEBUG_INFO = NO;
				MTL_FAST_MATH = YES;
				SDKROOT = macosx;
			};
			name = Release;
		};
		34799CE9243F0F1300B432BB /* Debug */ = {
			isa = XCBuildConfiguration;
			buildSettings = {
				CODE_SIGN_STYLE = Automatic;
				COMBINE_HIDPI_IMAGES = YES;
				DEVELOPMENT_TEAM = L3JLUY4S5E;
				INFOPLIST_FILE = CSLUTFilter/Info.plist;
				INSTALL_PATH = "$(LOCAL_LIBRARY_DIR)/Bundles";
				PRODUCT_BUNDLE_IDENTIFIER = zakk.lol.CSLUTFilter;
				PRODUCT_NAME = "$(TARGET_NAME)";
				SKIP_INSTALL = YES;
				WRAPPER_EXTENSION = plugin;
			};
			name = Debug;
		};
		34799CEA243F0F1300B432BB /* Release */ = {
			isa = XCBuildConfiguration;
			buildSettings = {
				CODE_SIGN_STYLE = Automatic;
				COMBINE_HIDPI_IMAGES = YES;
				DEVELOPMENT_TEAM = L3JLUY4S5E;
				INFOPLIST_FILE = CSLUTFilter/Info.plist;
				INSTALL_PATH = "$(LOCAL_LIBRARY_DIR)/Bundles";
				PRODUCT_BUNDLE_IDENTIFIER = zakk.lol.CSLUTFilter;
				PRODUCT_NAME = "$(TARGET_NAME)";
				SKIP_INSTALL = YES;
				WRAPPER_EXTENSION = plugin;
			};
			name = Release;
		};
/* End XCBuildConfiguration section */

/* Begin XCConfigurationList section */
		34799CDD243F0F1300B432BB /* Build configuration list for PBXProject "CSLUTFilter" */ = {
			isa = XCConfigurationList;
			buildConfigurations = (
				34799CE6243F0F1300B432BB /* Debug */,
				34799CE7243F0F1300B432BB /* Release */,
			);
			defaultConfigurationIsVisible = 0;
			defaultConfigurationName = Release;
		};
		34799CE8243F0F1300B432BB /* Build configuration list for PBXNativeTarget "CSLUTFilter" */ = {
			isa = XCConfigurationList;
			buildConfigurations = (
				34799CE9243F0F1300B432BB /* Debug */,
				34799CEA243F0F1300B432BB /* Release */,
			);
			defaultConfigurationIsVisible = 0;
			defaultConfigurationName = Release;
		};
/* End XCConfigurationList section */
	};
	rootObject = 34799CDA243F0F1300B432BB /* Project object */;
}
