// !$*UTF8*$!
{
	archiveVersion = 1;
	classes = {
	};
	objectVersion = 46;
	objects = {

/* Begin PBXBuildFile section */
		34AFC1D719B04EB90007C07B /* Cocoa.framework in Frameworks */ = {isa = PBXBuildFile; fileRef = 34AFC1D619B04EB90007C07B /* Cocoa.framework */; };
		34AFC1E119B04EB90007C07B /* InfoPlist.strings in Resources */ = {isa = PBXBuildFile; fileRef = 34AFC1DF19B04EB90007C07B /* InfoPlist.strings */; };
		34AFC1F319B04F0B0007C07B /* SyphonCaptureViewController.m in Sources */ = {isa = PBXBuildFile; fileRef = 34AFC1EF19B04F0B0007C07B /* SyphonCaptureViewController.m */; };
		34AFC1F419B04F0B0007C07B /* SyphonCaptureViewController.xib in Resources */ = {isa = PBXBuildFile; fileRef = 34AFC1F019B04F0B0007C07B /* SyphonCaptureViewController.xib */; };
		34AFC1F519B04F0B0007C07B /* SyphonCapture.m in Sources */ = {isa = PBXBuildFile; fileRef = 34AFC1F219B04F0B0007C07B /* SyphonCapture.m */; };
		34AFC23519B0559E0007C07B /* Syphon.framework in Frameworks */ = {isa = PBXBuildFile; fileRef = 34AFC23419B0559E0007C07B /* Syphon.framework */; };
		34AFC23719B055F40007C07B /* Syphon.framework in CopyFiles */ = {isa = PBXBuildFile; fileRef = 34AFC23419B0559E0007C07B /* Syphon.framework */; };
/* End PBXBuildFile section */

/* Begin PBXCopyFilesBuildPhase section */
		34AFC23619B055E80007C07B /* CopyFiles */ = {
			isa = PBXCopyFilesBuildPhase;
			buildActionMask = 2147483647;
			dstPath = "";
			dstSubfolderSpec = 10;
			files = (
				34AFC23719B055F40007C07B /* Syphon.framework in CopyFiles */,
			);
			runOnlyForDeploymentPostprocessing = 0;
		};
/* End PBXCopyFilesBuildPhase section */

/* Begin PBXFileReference section */
		34AFC1D319B04EB90007C07B /* CSSyphonCapturePlugin.bundle */ = {isa = PBXFileReference; explicitFileType = wrapper.cfbundle; includeInIndex = 0; path = CSSyphonCapturePlugin.bundle; sourceTree = BUILT_PRODUCTS_DIR; };
		34AFC1D619B04EB90007C07B /* Cocoa.framework */ = {isa = PBXFileReference; lastKnownFileType = wrapper.framework; name = Cocoa.framework; path = System/Library/Frameworks/Cocoa.framework; sourceTree = SDKROOT; };
		34AFC1D919B04EB90007C07B /* Foundation.framework */ = {isa = PBXFileReference; lastKnownFileType = wrapper.framework; name = Foundation.framework; path = System/Library/Frameworks/Foundation.framework; sourceTree = SDKROOT; };
		34AFC1DA19B04EB90007C07B /* CoreData.framework */ = {isa = PBXFileReference; lastKnownFileType = wrapper.framework; name = CoreData.framework; path = System/Library/Frameworks/CoreData.framework; sourceTree = SDKROOT; };
		34AFC1DB19B04EB90007C07B /* AppKit.framework */ = {isa = PBXFileReference; lastKnownFileType = wrapper.framework; name = AppKit.framework; path = System/Library/Frameworks/AppKit.framework; sourceTree = SDKROOT; };
		34AFC1DE19B04EB90007C07B /* CSSyphonCapturePlugin-Info.plist */ = {isa = PBXFileReference; lastKnownFileType = text.plist.xml; path = "CSSyphonCapturePlugin-Info.plist"; sourceTree = "<group>"; };
		34AFC1E019B04EB90007C07B /* en */ = {isa = PBXFileReference; lastKnownFileType = text.plist.strings; name = en; path = en.lproj/InfoPlist.strings; sourceTree = "<group>"; };
		34AFC1E219B04EB90007C07B /* CSSyphonCapturePlugin-Prefix.pch */ = {isa = PBXFileReference; lastKnownFileType = sourcecode.c.h; path = "CSSyphonCapturePlugin-Prefix.pch"; sourceTree = "<group>"; };
		34AFC1EE19B04F0B0007C07B /* SyphonCaptureViewController.h */ = {isa = PBXFileReference; fileEncoding = 4; lastKnownFileType = sourcecode.c.h; path = SyphonCaptureViewController.h; sourceTree = "<group>"; };
		34AFC1EF19B04F0B0007C07B /* SyphonCaptureViewController.m */ = {isa = PBXFileReference; fileEncoding = 4; lastKnownFileType = sourcecode.c.objc; path = SyphonCaptureViewController.m; sourceTree = "<group>"; };
		34AFC1F019B04F0B0007C07B /* SyphonCaptureViewController.xib */ = {isa = PBXFileReference; fileEncoding = 4; lastKnownFileType = file.xib; path = SyphonCaptureViewController.xib; sourceTree = "<group>"; };
		34AFC1F119B04F0B0007C07B /* SyphonCapture.h */ = {isa = PBXFileReference; fileEncoding = 4; lastKnownFileType = sourcecode.c.h; path = SyphonCapture.h; sourceTree = "<group>"; };
		34AFC1F219B04F0B0007C07B /* SyphonCapture.m */ = {isa = PBXFileReference; fileEncoding = 4; lastKnownFileType = sourcecode.c.objc; path = SyphonCapture.m; sourceTree = "<group>"; };
		34AFC23419B0559E0007C07B /* Syphon.framework */ = {isa = PBXFileReference; lastKnownFileType = wrapper.framework; path = Syphon.framework; sourceTree = "<group>"; };
		34AFC2A519B062390007C07B /* CSAbstractCaptureDevice.h */ = {isa = PBXFileReference; fileEncoding = 4; lastKnownFileType = sourcecode.c.h; name = CSAbstractCaptureDevice.h; path = PluginHeaders/CSAbstractCaptureDevice.h; sourceTree = "<group>"; };
		34AFC2A619B062390007C07B /* CSCaptureBase.h */ = {isa = PBXFileReference; fileEncoding = 4; lastKnownFileType = sourcecode.c.h; name = CSCaptureBase.h; path = PluginHeaders/CSCaptureBase.h; sourceTree = "<group>"; };
		34AFC2A719B062390007C07B /* CSCaptureSourceProtocol.h */ = {isa = PBXFileReference; fileEncoding = 4; lastKnownFileType = sourcecode.c.h; name = CSCaptureSourceProtocol.h; path = PluginHeaders/CSCaptureSourceProtocol.h; sourceTree = "<group>"; };
/* End PBXFileReference section */

/* Begin PBXFrameworksBuildPhase section */
		34AFC1D019B04EB90007C07B /* Frameworks */ = {
			isa = PBXFrameworksBuildPhase;
			buildActionMask = 2147483647;
			files = (
				34AFC1D719B04EB90007C07B /* Cocoa.framework in Frameworks */,
				34AFC23519B0559E0007C07B /* Syphon.framework in Frameworks */,
			);
			runOnlyForDeploymentPostprocessing = 0;
		};
/* End PBXFrameworksBuildPhase section */

/* Begin PBXGroup section */
		34AFC1CA19B04EB90007C07B = {
			isa = PBXGroup;
			children = (
				34AFC2A819B062390007C07B /* PluginHeaders */,
				34AFC1DC19B04EB90007C07B /* CSSyphonCapturePlugin */,
				34AFC1D519B04EB90007C07B /* Frameworks */,
				34AFC1D419B04EB90007C07B /* Products */,
			);
			sourceTree = "<group>";
		};
		34AFC1D419B04EB90007C07B /* Products */ = {
			isa = PBXGroup;
			children = (
				34AFC1D319B04EB90007C07B /* CSSyphonCapturePlugin.bundle */,
			);
			name = Products;
			sourceTree = "<group>";
		};
		34AFC1D519B04EB90007C07B /* Frameworks */ = {
			isa = PBXGroup;
			children = (
				34AFC23419B0559E0007C07B /* Syphon.framework */,
				34AFC1D619B04EB90007C07B /* Cocoa.framework */,
				34AFC1D819B04EB90007C07B /* Other Frameworks */,
			);
			name = Frameworks;
			sourceTree = "<group>";
		};
		34AFC1D819B04EB90007C07B /* Other Frameworks */ = {
			isa = PBXGroup;
			children = (
				34AFC1D919B04EB90007C07B /* Foundation.framework */,
				34AFC1DA19B04EB90007C07B /* CoreData.framework */,
				34AFC1DB19B04EB90007C07B /* AppKit.framework */,
			);
			name = "Other Frameworks";
			sourceTree = "<group>";
		};
		34AFC1DC19B04EB90007C07B /* CSSyphonCapturePlugin */ = {
			isa = PBXGroup;
			children = (
				34AFC1EE19B04F0B0007C07B /* SyphonCaptureViewController.h */,
				34AFC1EF19B04F0B0007C07B /* SyphonCaptureViewController.m */,
				34AFC1F019B04F0B0007C07B /* SyphonCaptureViewController.xib */,
				34AFC1F119B04F0B0007C07B /* SyphonCapture.h */,
				34AFC1F219B04F0B0007C07B /* SyphonCapture.m */,
				34AFC1DD19B04EB90007C07B /* Supporting Files */,
			);
			path = CSSyphonCapturePlugin;
			sourceTree = "<group>";
		};
		34AFC1DD19B04EB90007C07B /* Supporting Files */ = {
			isa = PBXGroup;
			children = (
				34AFC1DE19B04EB90007C07B /* CSSyphonCapturePlugin-Info.plist */,
				34AFC1DF19B04EB90007C07B /* InfoPlist.strings */,
				34AFC1E219B04EB90007C07B /* CSSyphonCapturePlugin-Prefix.pch */,
			);
			name = "Supporting Files";
			sourceTree = "<group>";
		};
		34AFC2A819B062390007C07B /* PluginHeaders */ = {
			isa = PBXGroup;
			children = (
				34AFC2A519B062390007C07B /* CSAbstractCaptureDevice.h */,
				34AFC2A619B062390007C07B /* CSCaptureBase.h */,
				34AFC2A719B062390007C07B /* CSCaptureSourceProtocol.h */,
			);
			name = PluginHeaders;
			path = ../../CocoaSplit;
			sourceTree = "<group>";
		};
/* End PBXGroup section */

/* Begin PBXNativeTarget section */
		34AFC1D219B04EB90007C07B /* CSSyphonCapturePlugin */ = {
			isa = PBXNativeTarget;
			buildConfigurationList = 34AFC1E519B04EB90007C07B /* Build configuration list for PBXNativeTarget "CSSyphonCapturePlugin" */;
			buildPhases = (
				34AFC1CF19B04EB90007C07B /* Sources */,
				34AFC1D019B04EB90007C07B /* Frameworks */,
				34AFC1D119B04EB90007C07B /* Resources */,
				34AFC23619B055E80007C07B /* CopyFiles */,
			);
			buildRules = (
			);
			dependencies = (
			);
			name = CSSyphonCapturePlugin;
			productName = CSSyphonCapturePlugin;
			productReference = 34AFC1D319B04EB90007C07B /* CSSyphonCapturePlugin.bundle */;
			productType = "com.apple.product-type.bundle";
		};
/* End PBXNativeTarget section */

/* Begin PBXProject section */
		34AFC1CB19B04EB90007C07B /* Project object */ = {
			isa = PBXProject;
			attributes = {
				LastUpgradeCheck = 0510;
				ORGANIZATIONNAME = Zakk;
			};
			buildConfigurationList = 34AFC1CE19B04EB90007C07B /* Build configuration list for PBXProject "CSSyphonCapturePlugin" */;
			compatibilityVersion = "Xcode 3.2";
			developmentRegion = English;
			hasScannedForEncodings = 0;
			knownRegions = (
				en,
			);
			mainGroup = 34AFC1CA19B04EB90007C07B;
			productRefGroup = 34AFC1D419B04EB90007C07B /* Products */;
			projectDirPath = "";
			projectRoot = "";
			targets = (
				34AFC1D219B04EB90007C07B /* CSSyphonCapturePlugin */,
			);
		};
/* End PBXProject section */

/* Begin PBXResourcesBuildPhase section */
		34AFC1D119B04EB90007C07B /* Resources */ = {
			isa = PBXResourcesBuildPhase;
			buildActionMask = 2147483647;
			files = (
				34AFC1F419B04F0B0007C07B /* SyphonCaptureViewController.xib in Resources */,
				34AFC1E119B04EB90007C07B /* InfoPlist.strings in Resources */,
			);
			runOnlyForDeploymentPostprocessing = 0;
		};
/* End PBXResourcesBuildPhase section */

/* Begin PBXSourcesBuildPhase section */
		34AFC1CF19B04EB90007C07B /* Sources */ = {
			isa = PBXSourcesBuildPhase;
			buildActionMask = 2147483647;
			files = (
				34AFC1F319B04F0B0007C07B /* SyphonCaptureViewController.m in Sources */,
				34AFC1F519B04F0B0007C07B /* SyphonCapture.m in Sources */,
			);
			runOnlyForDeploymentPostprocessing = 0;
		};
/* End PBXSourcesBuildPhase section */

/* Begin PBXVariantGroup section */
		34AFC1DF19B04EB90007C07B /* InfoPlist.strings */ = {
			isa = PBXVariantGroup;
			children = (
				34AFC1E019B04EB90007C07B /* en */,
			);
			name = InfoPlist.strings;
			sourceTree = "<group>";
		};
/* End PBXVariantGroup section */

/* Begin XCBuildConfiguration section */
		34AFC1E319B04EB90007C07B /* Debug */ = {
			isa = XCBuildConfiguration;
			buildSettings = {
				ALWAYS_SEARCH_USER_PATHS = NO;
				CLANG_CXX_LANGUAGE_STANDARD = "gnu++0x";
				CLANG_CXX_LIBRARY = "libc++";
				CLANG_ENABLE_MODULES = YES;
				CLANG_ENABLE_OBJC_ARC = YES;
				CLANG_WARN_BOOL_CONVERSION = YES;
				CLANG_WARN_CONSTANT_CONVERSION = YES;
				CLANG_WARN_DIRECT_OBJC_ISA_USAGE = YES_ERROR;
				CLANG_WARN_EMPTY_BODY = YES;
				CLANG_WARN_ENUM_CONVERSION = YES;
				CLANG_WARN_INT_CONVERSION = YES;
				CLANG_WARN_OBJC_ROOT_CLASS = YES_ERROR;
				CLANG_WARN__DUPLICATE_METHOD_MATCH = YES;
				COPY_PHASE_STRIP = NO;
				GCC_C_LANGUAGE_STANDARD = gnu99;
				GCC_DYNAMIC_NO_PIC = NO;
				GCC_ENABLE_OBJC_EXCEPTIONS = YES;
				GCC_OPTIMIZATION_LEVEL = 0;
				GCC_PREPROCESSOR_DEFINITIONS = (
					"DEBUG=1",
					"$(inherited)",
				);
				GCC_SYMBOLS_PRIVATE_EXTERN = NO;
				GCC_WARN_64_TO_32_BIT_CONVERSION = YES;
				GCC_WARN_ABOUT_RETURN_TYPE = YES_ERROR;
				GCC_WARN_UNDECLARED_SELECTOR = YES;
				GCC_WARN_UNINITIALIZED_AUTOS = YES_AGGRESSIVE;
				GCC_WARN_UNUSED_FUNCTION = YES;
				GCC_WARN_UNUSED_VARIABLE = YES;
				MACOSX_DEPLOYMENT_TARGET = 10.9;
				ONLY_ACTIVE_ARCH = YES;
				SDKROOT = macosx;
			};
			name = Debug;
		};
		34AFC1E419B04EB90007C07B /* Release */ = {
			isa = XCBuildConfiguration;
			buildSettings = {
				ALWAYS_SEARCH_USER_PATHS = NO;
				CLANG_CXX_LANGUAGE_STANDARD = "gnu++0x";
				CLANG_CXX_LIBRARY = "libc++";
				CLANG_ENABLE_MODULES = YES;
				CLANG_ENABLE_OBJC_ARC = YES;
				CLANG_WARN_BOOL_CONVERSION = YES;
				CLANG_WARN_CONSTANT_CONVERSION = YES;
				CLANG_WARN_DIRECT_OBJC_ISA_USAGE = YES_ERROR;
				CLANG_WARN_EMPTY_BODY = YES;
				CLANG_WARN_ENUM_CONVERSION = YES;
				CLANG_WARN_INT_CONVERSION = YES;
				CLANG_WARN_OBJC_ROOT_CLASS = YES_ERROR;
				CLANG_WARN__DUPLICATE_METHOD_MATCH = YES;
				COPY_PHASE_STRIP = YES;
				DEBUG_INFORMATION_FORMAT = "dwarf-with-dsym";
				ENABLE_NS_ASSERTIONS = NO;
				GCC_C_LANGUAGE_STANDARD = gnu99;
				GCC_ENABLE_OBJC_EXCEPTIONS = YES;
				GCC_WARN_64_TO_32_BIT_CONVERSION = YES;
				GCC_WARN_ABOUT_RETURN_TYPE = YES_ERROR;
				GCC_WARN_UNDECLARED_SELECTOR = YES;
				GCC_WARN_UNINITIALIZED_AUTOS = YES_AGGRESSIVE;
				GCC_WARN_UNUSED_FUNCTION = YES;
				GCC_WARN_UNUSED_VARIABLE = YES;
				MACOSX_DEPLOYMENT_TARGET = 10.9;
				SDKROOT = macosx;
			};
			name = Release;
		};
		34AFC1E619B04EB90007C07B /* Debug */ = {
			isa = XCBuildConfiguration;
			buildSettings = {
				COMBINE_HIDPI_IMAGES = YES;
				FRAMEWORK_SEARCH_PATHS = (
					"$(inherited)",
					"$(PROJECT_DIR)",
				);
				GCC_PRECOMPILE_PREFIX_HEADER = YES;
				GCC_PREFIX_HEADER = "CSSyphonCapturePlugin/CSSyphonCapturePlugin-Prefix.pch";
				INFOPLIST_FILE = "CSSyphonCapturePlugin/CSSyphonCapturePlugin-Info.plist";
				INSTALL_PATH = "$(LOCAL_LIBRARY_DIR)/Bundles";
				OTHER_LDFLAGS = (
					"-flat_namespace",
					"-undefined",
					suppress,
				);
				PRODUCT_NAME = "$(TARGET_NAME)";
				SKIP_INSTALL = YES;
				WRAPPER_EXTENSION = bundle;
			};
			name = Debug;
		};
		34AFC1E719B04EB90007C07B /* Release */ = {
			isa = XCBuildConfiguration;
			buildSettings = {
				COMBINE_HIDPI_IMAGES = YES;
				FRAMEWORK_SEARCH_PATHS = (
					"$(inherited)",
					"$(PROJECT_DIR)",
				);
				GCC_PRECOMPILE_PREFIX_HEADER = YES;
				GCC_PREFIX_HEADER = "CSSyphonCapturePlugin/CSSyphonCapturePlugin-Prefix.pch";
				INFOPLIST_FILE = "CSSyphonCapturePlugin/CSSyphonCapturePlugin-Info.plist";
				INSTALL_PATH = "$(LOCAL_LIBRARY_DIR)/Bundles";
				OTHER_LDFLAGS = (
					"-flat_namespace",
					"-undefined",
					suppress,
				);
				PRODUCT_NAME = "$(TARGET_NAME)";
				SKIP_INSTALL = YES;
				WRAPPER_EXTENSION = bundle;
			};
			name = Release;
		};
/* End XCBuildConfiguration section */

/* Begin XCConfigurationList section */
		34AFC1CE19B04EB90007C07B /* Build configuration list for PBXProject "CSSyphonCapturePlugin" */ = {
			isa = XCConfigurationList;
			buildConfigurations = (
				34AFC1E319B04EB90007C07B /* Debug */,
				34AFC1E419B04EB90007C07B /* Release */,
			);
			defaultConfigurationIsVisible = 0;
			defaultConfigurationName = Release;
		};
		34AFC1E519B04EB90007C07B /* Build configuration list for PBXNativeTarget "CSSyphonCapturePlugin" */ = {
			isa = XCConfigurationList;
			buildConfigurations = (
				34AFC1E619B04EB90007C07B /* Debug */,
				34AFC1E719B04EB90007C07B /* Release */,
			);
			defaultConfigurationIsVisible = 0;
			defaultConfigurationName = Release;
		};
/* End XCConfigurationList section */
	};
	rootObject = 34AFC1CB19B04EB90007C07B /* Project object */;
}
