// !$*UTF8*$!
{
	archiveVersion = 1;
	classes = {
	};
	objectVersion = 46;
	objects = {

/* Begin PBXBuildFile section */
		34AFC30219B0A5800007C07B /* Cocoa.framework in Frameworks */ = {isa = PBXBuildFile; fileRef = 34AFC30119B0A5800007C07B /* Cocoa.framework */; };
		34AFC30C19B0A5800007C07B /* InfoPlist.strings in Resources */ = {isa = PBXBuildFile; fileRef = 34AFC30A19B0A5800007C07B /* InfoPlist.strings */; };
		34AFC32019B0A5DC0007C07B /* TwitchStreamService.m in Sources */ = {isa = PBXBuildFile; fileRef = 34AFC31F19B0A5DC0007C07B /* TwitchStreamService.m */; };
		34AFC32419B0A5FD0007C07B /* TwitchStreamServiceViewController.m in Sources */ = {isa = PBXBuildFile; fileRef = 34AFC32219B0A5FD0007C07B /* TwitchStreamServiceViewController.m */; };
		34AFC32519B0A5FD0007C07B /* TwitchStreamServiceViewController.xib in Resources */ = {isa = PBXBuildFile; fileRef = 34AFC32319B0A5FD0007C07B /* TwitchStreamServiceViewController.xib */; };
/* End PBXBuildFile section */

/* Begin PBXFileReference section */
		34AFC2FE19B0A5800007C07B /* CSTwitchStreamServicePlugin.bundle */ = {isa = PBXFileReference; explicitFileType = wrapper.cfbundle; includeInIndex = 0; path = CSTwitchStreamServicePlugin.bundle; sourceTree = BUILT_PRODUCTS_DIR; };
		34AFC30119B0A5800007C07B /* Cocoa.framework */ = {isa = PBXFileReference; lastKnownFileType = wrapper.framework; name = Cocoa.framework; path = System/Library/Frameworks/Cocoa.framework; sourceTree = SDKROOT; };
		34AFC30419B0A5800007C07B /* Foundation.framework */ = {isa = PBXFileReference; lastKnownFileType = wrapper.framework; name = Foundation.framework; path = System/Library/Frameworks/Foundation.framework; sourceTree = SDKROOT; };
		34AFC30519B0A5800007C07B /* CoreData.framework */ = {isa = PBXFileReference; lastKnownFileType = wrapper.framework; name = CoreData.framework; path = System/Library/Frameworks/CoreData.framework; sourceTree = SDKROOT; };
		34AFC30619B0A5800007C07B /* AppKit.framework */ = {isa = PBXFileReference; lastKnownFileType = wrapper.framework; name = AppKit.framework; path = System/Library/Frameworks/AppKit.framework; sourceTree = SDKROOT; };
		34AFC30919B0A5800007C07B /* CSTwitchStreamServicePlugin-Info.plist */ = {isa = PBXFileReference; lastKnownFileType = text.plist.xml; path = "CSTwitchStreamServicePlugin-Info.plist"; sourceTree = "<group>"; };
		34AFC30B19B0A5800007C07B /* en */ = {isa = PBXFileReference; lastKnownFileType = text.plist.strings; name = en; path = en.lproj/InfoPlist.strings; sourceTree = "<group>"; };
		34AFC30D19B0A5800007C07B /* CSTwitchStreamServicePlugin-Prefix.pch */ = {isa = PBXFileReference; lastKnownFileType = sourcecode.c.h; path = "CSTwitchStreamServicePlugin-Prefix.pch"; sourceTree = "<group>"; };
		34AFC31919B0A58E0007C07B /* CSAbstractCaptureDevice.h */ = {isa = PBXFileReference; fileEncoding = 4; lastKnownFileType = sourcecode.c.h; name = CSAbstractCaptureDevice.h; path = PluginHeaders/CSAbstractCaptureDevice.h; sourceTree = "<group>"; };
		34AFC31A19B0A58E0007C07B /* CSCaptureBase.h */ = {isa = PBXFileReference; fileEncoding = 4; lastKnownFileType = sourcecode.c.h; name = CSCaptureBase.h; path = PluginHeaders/CSCaptureBase.h; sourceTree = "<group>"; };
		34AFC31B19B0A58E0007C07B /* CSCaptureSourceProtocol.h */ = {isa = PBXFileReference; fileEncoding = 4; lastKnownFileType = sourcecode.c.h; name = CSCaptureSourceProtocol.h; path = PluginHeaders/CSCaptureSourceProtocol.h; sourceTree = "<group>"; };
		34AFC31C19B0A58E0007C07B /* CSStreamServiceProtocol.h */ = {isa = PBXFileReference; fileEncoding = 4; lastKnownFileType = sourcecode.c.h; name = CSStreamServiceProtocol.h; path = PluginHeaders/CSStreamServiceProtocol.h; sourceTree = "<group>"; };
		34AFC31E19B0A5DC0007C07B /* TwitchStreamService.h */ = {isa = PBXFileReference; fileEncoding = 4; lastKnownFileType = sourcecode.c.h; path = TwitchStreamService.h; sourceTree = "<group>"; };
		34AFC31F19B0A5DC0007C07B /* TwitchStreamService.m */ = {isa = PBXFileReference; fileEncoding = 4; lastKnownFileType = sourcecode.c.objc; path = TwitchStreamService.m; sourceTree = "<group>"; };
		34AFC32119B0A5FD0007C07B /* TwitchStreamServiceViewController.h */ = {isa = PBXFileReference; fileEncoding = 4; lastKnownFileType = sourcecode.c.h; path = TwitchStreamServiceViewController.h; sourceTree = "<group>"; };
		34AFC32219B0A5FD0007C07B /* TwitchStreamServiceViewController.m */ = {isa = PBXFileReference; fileEncoding = 4; lastKnownFileType = sourcecode.c.objc; path = TwitchStreamServiceViewController.m; sourceTree = "<group>"; };
		34AFC32319B0A5FD0007C07B /* TwitchStreamServiceViewController.xib */ = {isa = PBXFileReference; fileEncoding = 4; lastKnownFileType = file.xib; path = TwitchStreamServiceViewController.xib; sourceTree = "<group>"; };
/* End PBXFileReference section */

/* Begin PBXFrameworksBuildPhase section */
		34AFC2FB19B0A5800007C07B /* Frameworks */ = {
			isa = PBXFrameworksBuildPhase;
			buildActionMask = 2147483647;
			files = (
				34AFC30219B0A5800007C07B /* Cocoa.framework in Frameworks */,
			);
			runOnlyForDeploymentPostprocessing = 0;
		};
/* End PBXFrameworksBuildPhase section */

/* Begin PBXGroup section */
		34AFC2F519B0A5800007C07B = {
			isa = PBXGroup;
			children = (
				34AFC32119B0A5FD0007C07B /* TwitchStreamServiceViewController.h */,
				34AFC32219B0A5FD0007C07B /* TwitchStreamServiceViewController.m */,
				34AFC32319B0A5FD0007C07B /* TwitchStreamServiceViewController.xib */,
				34AFC31E19B0A5DC0007C07B /* TwitchStreamService.h */,
				34AFC31F19B0A5DC0007C07B /* TwitchStreamService.m */,
				34AFC31D19B0A58E0007C07B /* PluginHeaders */,
				34AFC30719B0A5800007C07B /* CSTwitchStreamServicePlugin */,
				34AFC30019B0A5800007C07B /* Frameworks */,
				34AFC2FF19B0A5800007C07B /* Products */,
			);
			sourceTree = "<group>";
		};
		34AFC2FF19B0A5800007C07B /* Products */ = {
			isa = PBXGroup;
			children = (
				34AFC2FE19B0A5800007C07B /* CSTwitchStreamServicePlugin.bundle */,
			);
			name = Products;
			sourceTree = "<group>";
		};
		34AFC30019B0A5800007C07B /* Frameworks */ = {
			isa = PBXGroup;
			children = (
				34AFC30119B0A5800007C07B /* Cocoa.framework */,
				34AFC30319B0A5800007C07B /* Other Frameworks */,
			);
			name = Frameworks;
			sourceTree = "<group>";
		};
		34AFC30319B0A5800007C07B /* Other Frameworks */ = {
			isa = PBXGroup;
			children = (
				34AFC30419B0A5800007C07B /* Foundation.framework */,
				34AFC30519B0A5800007C07B /* CoreData.framework */,
				34AFC30619B0A5800007C07B /* AppKit.framework */,
			);
			name = "Other Frameworks";
			sourceTree = "<group>";
		};
		34AFC30719B0A5800007C07B /* CSTwitchStreamServicePlugin */ = {
			isa = PBXGroup;
			children = (
				34AFC30819B0A5800007C07B /* Supporting Files */,
			);
			path = CSTwitchStreamServicePlugin;
			sourceTree = "<group>";
		};
		34AFC30819B0A5800007C07B /* Supporting Files */ = {
			isa = PBXGroup;
			children = (
				34AFC30919B0A5800007C07B /* CSTwitchStreamServicePlugin-Info.plist */,
				34AFC30A19B0A5800007C07B /* InfoPlist.strings */,
				34AFC30D19B0A5800007C07B /* CSTwitchStreamServicePlugin-Prefix.pch */,
			);
			name = "Supporting Files";
			sourceTree = "<group>";
		};
		34AFC31D19B0A58E0007C07B /* PluginHeaders */ = {
			isa = PBXGroup;
			children = (
				34AFC31919B0A58E0007C07B /* CSAbstractCaptureDevice.h */,
				34AFC31A19B0A58E0007C07B /* CSCaptureBase.h */,
				34AFC31B19B0A58E0007C07B /* CSCaptureSourceProtocol.h */,
				34AFC31C19B0A58E0007C07B /* CSStreamServiceProtocol.h */,
			);
			name = PluginHeaders;
			path = ../..;
			sourceTree = "<group>";
		};
/* End PBXGroup section */

/* Begin PBXNativeTarget section */
		34AFC2FD19B0A5800007C07B /* CSTwitchStreamServicePlugin */ = {
			isa = PBXNativeTarget;
			buildConfigurationList = 34AFC31019B0A5800007C07B /* Build configuration list for PBXNativeTarget "CSTwitchStreamServicePlugin" */;
			buildPhases = (
				34AFC2FA19B0A5800007C07B /* Sources */,
				34AFC2FB19B0A5800007C07B /* Frameworks */,
				34AFC2FC19B0A5800007C07B /* Resources */,
			);
			buildRules = (
			);
			dependencies = (
			);
			name = CSTwitchStreamServicePlugin;
			productName = CSTwitchStreamServicePlugin;
			productReference = 34AFC2FE19B0A5800007C07B /* CSTwitchStreamServicePlugin.bundle */;
			productType = "com.apple.product-type.bundle";
		};
/* End PBXNativeTarget section */

/* Begin PBXProject section */
		34AFC2F619B0A5800007C07B /* Project object */ = {
			isa = PBXProject;
			attributes = {
				LastUpgradeCheck = 0510;
				ORGANIZATIONNAME = Zakk;
			};
			buildConfigurationList = 34AFC2F919B0A5800007C07B /* Build configuration list for PBXProject "CSTwitchStreamServicePlugin" */;
			compatibilityVersion = "Xcode 3.2";
			developmentRegion = English;
			hasScannedForEncodings = 0;
			knownRegions = (
				en,
			);
			mainGroup = 34AFC2F519B0A5800007C07B;
			productRefGroup = 34AFC2FF19B0A5800007C07B /* Products */;
			projectDirPath = "";
			projectRoot = "";
			targets = (
				34AFC2FD19B0A5800007C07B /* CSTwitchStreamServicePlugin */,
			);
		};
/* End PBXProject section */

/* Begin PBXResourcesBuildPhase section */
		34AFC2FC19B0A5800007C07B /* Resources */ = {
			isa = PBXResourcesBuildPhase;
			buildActionMask = 2147483647;
			files = (
				34AFC30C19B0A5800007C07B /* InfoPlist.strings in Resources */,
				34AFC32519B0A5FD0007C07B /* TwitchStreamServiceViewController.xib in Resources */,
			);
			runOnlyForDeploymentPostprocessing = 0;
		};
/* End PBXResourcesBuildPhase section */

/* Begin PBXSourcesBuildPhase section */
		34AFC2FA19B0A5800007C07B /* Sources */ = {
			isa = PBXSourcesBuildPhase;
			buildActionMask = 2147483647;
			files = (
				34AFC32019B0A5DC0007C07B /* TwitchStreamService.m in Sources */,
				34AFC32419B0A5FD0007C07B /* TwitchStreamServiceViewController.m in Sources */,
			);
			runOnlyForDeploymentPostprocessing = 0;
		};
/* End PBXSourcesBuildPhase section */

/* Begin PBXVariantGroup section */
		34AFC30A19B0A5800007C07B /* InfoPlist.strings */ = {
			isa = PBXVariantGroup;
			children = (
				34AFC30B19B0A5800007C07B /* en */,
			);
			name = InfoPlist.strings;
			sourceTree = "<group>";
		};
/* End PBXVariantGroup section */

/* Begin XCBuildConfiguration section */
		34AFC30E19B0A5800007C07B /* Debug */ = {
			isa = XCBuildConfiguration;
			buildSettings = {
				ALWAYS_SEARCH_USER_PATHS = NO;
				CLANG_CXX_LANGUAGE_STANDARD = "gnu++0x";
				CLANG_CXX_LIBRARY = "libc++";
				CLANG_ENABLE_MODULES = YES;
				CLANG_ENABLE_OBJC_ARC = YES;
				CLANG_WARN_BOOL_CONVERSION = YES;
				CLANG_WARN_CONSTANT_CONVERSION = YES;
				CLANG_WARN_DIRECT_OBJC_ISA_USAGE = YES_ERROR;
				CLANG_WARN_EMPTY_BODY = YES;
				CLANG_WARN_ENUM_CONVERSION = YES;
				CLANG_WARN_INT_CONVERSION = YES;
				CLANG_WARN_OBJC_ROOT_CLASS = YES_ERROR;
				CLANG_WARN__DUPLICATE_METHOD_MATCH = YES;
				COPY_PHASE_STRIP = NO;
				GCC_C_LANGUAGE_STANDARD = gnu99;
				GCC_DYNAMIC_NO_PIC = NO;
				GCC_ENABLE_OBJC_EXCEPTIONS = YES;
				GCC_OPTIMIZATION_LEVEL = 0;
				GCC_PREPROCESSOR_DEFINITIONS = (
					"DEBUG=1",
					"$(inherited)",
				);
				GCC_SYMBOLS_PRIVATE_EXTERN = NO;
				GCC_WARN_64_TO_32_BIT_CONVERSION = YES;
				GCC_WARN_ABOUT_RETURN_TYPE = YES_ERROR;
				GCC_WARN_UNDECLARED_SELECTOR = YES;
				GCC_WARN_UNINITIALIZED_AUTOS = YES_AGGRESSIVE;
				GCC_WARN_UNUSED_FUNCTION = YES;
				GCC_WARN_UNUSED_VARIABLE = YES;
				MACOSX_DEPLOYMENT_TARGET = 10.9;
				ONLY_ACTIVE_ARCH = YES;
				SDKROOT = macosx;
			};
			name = Debug;
		};
		34AFC30F19B0A5800007C07B /* Release */ = {
			isa = XCBuildConfiguration;
			buildSettings = {
				ALWAYS_SEARCH_USER_PATHS = NO;
				CLANG_CXX_LANGUAGE_STANDARD = "gnu++0x";
				CLANG_CXX_LIBRARY = "libc++";
				CLANG_ENABLE_MODULES = YES;
				CLANG_ENABLE_OBJC_ARC = YES;
				CLANG_WARN_BOOL_CONVERSION = YES;
				CLANG_WARN_CONSTANT_CONVERSION = YES;
				CLANG_WARN_DIRECT_OBJC_ISA_USAGE = YES_ERROR;
				CLANG_WARN_EMPTY_BODY = YES;
				CLANG_WARN_ENUM_CONVERSION = YES;
				CLANG_WARN_INT_CONVERSION = YES;
				CLANG_WARN_OBJC_ROOT_CLASS = YES_ERROR;
				CLANG_WARN__DUPLICATE_METHOD_MATCH = YES;
				COPY_PHASE_STRIP = YES;
				DEBUG_INFORMATION_FORMAT = "dwarf-with-dsym";
				ENABLE_NS_ASSERTIONS = NO;
				GCC_C_LANGUAGE_STANDARD = gnu99;
				GCC_ENABLE_OBJC_EXCEPTIONS = YES;
				GCC_WARN_64_TO_32_BIT_CONVERSION = YES;
				GCC_WARN_ABOUT_RETURN_TYPE = YES_ERROR;
				GCC_WARN_UNDECLARED_SELECTOR = YES;
				GCC_WARN_UNINITIALIZED_AUTOS = YES_AGGRESSIVE;
				GCC_WARN_UNUSED_FUNCTION = YES;
				GCC_WARN_UNUSED_VARIABLE = YES;
				MACOSX_DEPLOYMENT_TARGET = 10.9;
				SDKROOT = macosx;
			};
			name = Release;
		};
		34AFC31119B0A5800007C07B /* Debug */ = {
			isa = XCBuildConfiguration;
			buildSettings = {
				COMBINE_HIDPI_IMAGES = YES;
				GCC_PRECOMPILE_PREFIX_HEADER = YES;
				GCC_PREFIX_HEADER = "CSTwitchStreamServicePlugin/CSTwitchStreamServicePlugin-Prefix.pch";
				INFOPLIST_FILE = "CSTwitchStreamServicePlugin/CSTwitchStreamServicePlugin-Info.plist";
				INSTALL_PATH = "$(LOCAL_LIBRARY_DIR)/Bundles";
				PRODUCT_NAME = "$(TARGET_NAME)";
				WRAPPER_EXTENSION = bundle;
			};
			name = Debug;
		};
		34AFC31219B0A5800007C07B /* Release */ = {
			isa = XCBuildConfiguration;
			buildSettings = {
				COMBINE_HIDPI_IMAGES = YES;
				GCC_PRECOMPILE_PREFIX_HEADER = YES;
				GCC_PREFIX_HEADER = "CSTwitchStreamServicePlugin/CSTwitchStreamServicePlugin-Prefix.pch";
				INFOPLIST_FILE = "CSTwitchStreamServicePlugin/CSTwitchStreamServicePlugin-Info.plist";
				INSTALL_PATH = "$(LOCAL_LIBRARY_DIR)/Bundles";
				PRODUCT_NAME = "$(TARGET_NAME)";
				WRAPPER_EXTENSION = bundle;
			};
			name = Release;
		};
/* End XCBuildConfiguration section */

/* Begin XCConfigurationList section */
		34AFC2F919B0A5800007C07B /* Build configuration list for PBXProject "CSTwitchStreamServicePlugin" */ = {
			isa = XCConfigurationList;
			buildConfigurations = (
				34AFC30E19B0A5800007C07B /* Debug */,
				34AFC30F19B0A5800007C07B /* Release */,
			);
			defaultConfigurationIsVisible = 0;
			defaultConfigurationName = Release;
		};
		34AFC31019B0A5800007C07B /* Build configuration list for PBXNativeTarget "CSTwitchStreamServicePlugin" */ = {
			isa = XCConfigurationList;
			buildConfigurations = (
				34AFC31119B0A5800007C07B /* Debug */,
				34AFC31219B0A5800007C07B /* Release */,
			);
			defaultConfigurationIsVisible = 0;
		};
/* End XCConfigurationList section */
	};
	rootObject = 34AFC2F619B0A5800007C07B /* Project object */;
}
